// !$*UTF8*$!
{
	archiveVersion = 1;
	classes = {
	};
	objectVersion = 48;
	objects = {

/* Begin PBXBuildFile section */
		4879FA87200DA6A400F8C563 /* AppDelegate.swift in Sources */ = {isa = PBXBuildFile; fileRef = 4879FA86200DA6A400F8C563 /* AppDelegate.swift */; };
		4879FA89200DA6A400F8C563 /* ViewController.swift in Sources */ = {isa = PBXBuildFile; fileRef = 4879FA88200DA6A400F8C563 /* ViewController.swift */; };
		4879FA8C200DA6A400F8C563 /* Main.storyboard in Resources */ = {isa = PBXBuildFile; fileRef = 4879FA8A200DA6A400F8C563 /* Main.storyboard */; };
		4879FA8E200DA6A400F8C563 /* Assets.xcassets in Resources */ = {isa = PBXBuildFile; fileRef = 4879FA8D200DA6A400F8C563 /* Assets.xcassets */; };
		4879FA91200DA6A400F8C563 /* LaunchScreen.storyboard in Resources */ = {isa = PBXBuildFile; fileRef = 4879FA8F200DA6A400F8C563 /* LaunchScreen.storyboard */; };
/* End PBXBuildFile section */

/* Begin PBXFileReference section */
		4879FA83200DA6A400F8C563 /* AutoLayoutEx2.app */ = {isa = PBXFileReference; explicitFileType = wrapper.application; includeInIndex = 0; path = AutoLayoutEx2.app; sourceTree = BUILT_PRODUCTS_DIR; };
		4879FA86200DA6A400F8C563 /* AppDelegate.swift */ = {isa = PBXFileReference; lastKnownFileType = sourcecode.swift; path = AppDelegate.swift; sourceTree = "<group>"; };
		4879FA88200DA6A400F8C563 /* ViewController.swift */ = {isa = PBXFileReference; lastKnownFileType = sourcecode.swift; path = ViewController.swift; sourceTree = "<group>"; };
		4879FA8B200DA6A400F8C563 /* Base */ = {isa = PBXFileReference; lastKnownFileType = file.storyboard; name = Base; path = Base.lproj/Main.storyboard; sourceTree = "<group>"; };
		4879FA8D200DA6A400F8C563 /* Assets.xcassets */ = {isa = PBXFileReference; lastKnownFileType = folder.assetcatalog; path = Assets.xcassets; sourceTree = "<group>"; };
		4879FA90200DA6A400F8C563 /* Base */ = {isa = PBXFileReference; lastKnownFileType = file.storyboard; name = Base; path = Base.lproj/LaunchScreen.storyboard; sourceTree = "<group>"; };
		4879FA92200DA6A400F8C563 /* Info.plist */ = {isa = PBXFileReference; lastKnownFileType = text.plist.xml; path = Info.plist; sourceTree = "<group>"; };
/* End PBXFileReference section */

/* Begin PBXFrameworksBuildPhase section */
		4879FA80200DA6A400F8C563 /* Frameworks */ = {
			isa = PBXFrameworksBuildPhase;
			buildActionMask = 2147483647;
			files = (
			);
			runOnlyForDeploymentPostprocessing = 0;
		};
/* End PBXFrameworksBuildPhase section */

/* Begin PBXGroup section */
		4879FA7A200DA6A400F8C563 = {
			isa = PBXGroup;
			children = (
				4879FA85200DA6A400F8C563 /* AutoLayoutEx2 */,
				4879FA84200DA6A400F8C563 /* Products */,
			);
			sourceTree = "<group>";
		};
		4879FA84200DA6A400F8C563 /* Products */ = {
			isa = PBXGroup;
			children = (
				4879FA83200DA6A400F8C563 /* AutoLayoutEx2.app */,
			);
			name = Products;
			sourceTree = "<group>";
		};
		4879FA85200DA6A400F8C563 /* AutoLayoutEx2 */ = {
			isa = PBXGroup;
			children = (
				4879FA86200DA6A400F8C563 /* AppDelegate.swift */,
				4879FA88200DA6A400F8C563 /* ViewController.swift */,
				4879FA8A200DA6A400F8C563 /* Main.storyboard */,
				4879FA8D200DA6A400F8C563 /* Assets.xcassets */,
				4879FA8F200DA6A400F8C563 /* LaunchScreen.storyboard */,
				4879FA92200DA6A400F8C563 /* Info.plist */,
			);
			path = AutoLayoutEx2;
			sourceTree = "<group>";
		};
/* End PBXGroup section */

/* Begin PBXNativeTarget section */
		4879FA82200DA6A400F8C563 /* AutoLayoutEx2 */ = {
			isa = PBXNativeTarget;
			buildConfigurationList = 4879FA95200DA6A400F8C563 /* Build configuration list for PBXNativeTarget "AutoLayoutEx2" */;
			buildPhases = (
				4879FA7F200DA6A400F8C563 /* Sources */,
				4879FA80200DA6A400F8C563 /* Frameworks */,
				4879FA81200DA6A400F8C563 /* Resources */,
			);
			buildRules = (
			);
			dependencies = (
			);
			name = AutoLayoutEx2;
			productName = AutoLayoutEx2;
			productReference = 4879FA83200DA6A400F8C563 /* AutoLayoutEx2.app */;
			productType = "com.apple.product-type.application";
		};
/* End PBXNativeTarget section */

/* Begin PBXProject section */
		4879FA7B200DA6A400F8C563 /* Project object */ = {
			isa = PBXProject;
			attributes = {
				LastSwiftUpdateCheck = 0920;
				LastUpgradeCheck = 0920;
				ORGANIZATIONNAME = "Rodrigo Carballo";
				TargetAttributes = {
					4879FA82200DA6A400F8C563 = {
						CreatedOnToolsVersion = 9.2;
						ProvisioningStyle = Automatic;
					};
				};
			};
			buildConfigurationList = 4879FA7E200DA6A400F8C563 /* Build configuration list for PBXProject "AutoLayoutEx2" */;
			compatibilityVersion = "Xcode 8.0";
			developmentRegion = en;
			hasScannedForEncodings = 0;
			knownRegions = (
				en,
				Base,
			);
			mainGroup = 4879FA7A200DA6A400F8C563;
			productRefGroup = 4879FA84200DA6A400F8C563 /* Products */;
			projectDirPath = "";
			projectRoot = "";
			targets = (
				4879FA82200DA6A400F8C563 /* AutoLayoutEx2 */,
			);
		};
/* End PBXProject section */

/* Begin PBXResourcesBuildPhase section */
		4879FA81200DA6A400F8C563 /* Resources */ = {
			isa = PBXResourcesBuildPhase;
			buildActionMask = 2147483647;
			files = (
				4879FA91200DA6A400F8C563 /* LaunchScreen.storyboard in Resources */,
				4879FA8E200DA6A400F8C563 /* Assets.xcassets in Resources */,
				4879FA8C200DA6A400F8C563 /* Main.storyboard in Resources */,
			);
			runOnlyForDeploymentPostprocessing = 0;
		};
/* End PBXResourcesBuildPhase section */

/* Begin PBXSourcesBuildPhase section */
		4879FA7F200DA6A400F8C563 /* Sources */ = {
			isa = PBXSourcesBuildPhase;
			buildActionMask = 2147483647;
			files = (
				4879FA89200DA6A400F8C563 /* ViewController.swift in Sources */,
				4879FA87200DA6A400F8C563 /* AppDelegate.swift in Sources */,
			);
			runOnlyForDeploymentPostprocessing = 0;
		};
/* End PBXSourcesBuildPhase section */

/* Begin PBXVariantGroup section */
		4879FA8A200DA6A400F8C563 /* Main.storyboard */ = {
			isa = PBXVariantGroup;
			children = (
				4879FA8B200DA6A400F8C563 /* Base */,
			);
			name = Main.storyboard;
			sourceTree = "<group>";
		};
		4879FA8F200DA6A400F8C563 /* LaunchScreen.storyboard */ = {
			isa = PBXVariantGroup;
			children = (
				4879FA90200DA6A400F8C563 /* Base */,
			);
			name = LaunchScreen.storyboard;
			sourceTree = "<group>";
		};
/* End PBXVariantGroup section */

/* Begin XCBuildConfiguration section */
		4879FA93200DA6A400F8C563 /* Debug */ = {
			isa = XCBuildConfiguration;
			buildSettings = {
				ALWAYS_SEARCH_USER_PATHS = NO;
				CLANG_ANALYZER_NONNULL = YES;
				CLANG_ANALYZER_NUMBER_OBJECT_CONVERSION = YES_AGGRESSIVE;
				CLANG_CXX_LANGUAGE_STANDARD = "gnu++14";
				CLANG_CXX_LIBRARY = "libc++";
				CLANG_ENABLE_MODULES = YES;
				CLANG_ENABLE_OBJC_ARC = YES;
				CLANG_WARN_BLOCK_CAPTURE_AUTORELEASING = YES;
				CLANG_WARN_BOOL_CONVERSION = YES;
				CLANG_WARN_COMMA = YES;
				CLANG_WARN_CONSTANT_CONVERSION = YES;
				CLANG_WARN_DIRECT_OBJC_ISA_USAGE = YES_ERROR;
				CLANG_WARN_DOCUMENTATION_COMMENTS = YES;
				CLANG_WARN_EMPTY_BODY = YES;
				CLANG_WARN_ENUM_CONVERSION = YES;
				CLANG_WARN_INFINITE_RECURSION = YES;
				CLANG_WARN_INT_CONVERSION = YES;
				CLANG_WARN_NON_LITERAL_NULL_CONVERSION = YES;
				CLANG_WARN_OBJC_LITERAL_CONVERSION = YES;
				CLANG_WARN_OBJC_ROOT_CLASS = YES_ERROR;
				CLANG_WARN_RANGE_LOOP_ANALYSIS = YES;
				CLANG_WARN_STRICT_PROTOTYPES = YES;
				CLANG_WARN_SUSPICIOUS_MOVE = YES;
				CLANG_WARN_UNGUARDED_AVAILABILITY = YES_AGGRESSIVE;
				CLANG_WARN_UNREACHABLE_CODE = YES;
				CLANG_WARN__DUPLICATE_METHOD_MATCH = YES;
				CODE_SIGN_IDENTITY = "iPhone Developer";
				COPY_PHASE_STRIP = NO;
				DEBUG_INFORMATION_FORMAT = dwarf;
				ENABLE_STRICT_OBJC_MSGSEND = YES;
				ENABLE_TESTABILITY = YES;
				GCC_C_LANGUAGE_STANDARD = gnu11;
				GCC_DYNAMIC_NO_PIC = NO;
				GCC_NO_COMMON_BLOCKS = YES;
				GCC_OPTIMIZATION_LEVEL = 0;
				GCC_PREPROCESSOR_DEFINITIONS = (
					"DEBUG=1",
					"$(inherited)",
				);
				GCC_WARN_64_TO_32_BIT_CONVERSION = YES;
				GCC_WARN_ABOUT_RETURN_TYPE = YES_ERROR;
				GCC_WARN_UNDECLARED_SELECTOR = YES;
				GCC_WARN_UNINITIALIZED_AUTOS = YES_AGGRESSIVE;
				GCC_WARN_UNUSED_FUNCTION = YES;
				GCC_WARN_UNUSED_VARIABLE = YES;
				IPHONEOS_DEPLOYMENT_TARGET = 11.2;
				MTL_ENABLE_DEBUG_INFO = YES;
				ONLY_ACTIVE_ARCH = YES;
				SDKROOT = iphoneos;
				SWIFT_ACTIVE_COMPILATION_CONDITIONS = DEBUG;
				SWIFT_OPTIMIZATION_LEVEL = "-Onone";
			};
			name = Debug;
		};
		4879FA94200DA6A400F8C563 /* Release */ = {
			isa = XCBuildConfiguration;
			buildSettings = {
				ALWAYS_SEARCH_USER_PATHS = NO;
				CLANG_ANALYZER_NONNULL = YES;
				CLANG_ANALYZER_NUMBER_OBJECT_CONVERSION = YES_AGGRESSIVE;
				CLANG_CXX_LANGUAGE_STANDARD = "gnu++14";
				CLANG_CXX_LIBRARY = "libc++";
				CLANG_ENABLE_MODULES = YES;
				CLANG_ENABLE_OBJC_ARC = YES;
				CLANG_WARN_BLOCK_CAPTURE_AUTORELEASING = YES;
				CLANG_WARN_BOOL_CONVERSION = YES;
				CLANG_WARN_COMMA = YES;
				CLANG_WARN_CONSTANT_CONVERSION = YES;
				CLANG_WARN_DIRECT_OBJC_ISA_USAGE = YES_ERROR;
				CLANG_WARN_DOCUMENTATION_COMMENTS = YES;
				CLANG_WARN_EMPTY_BODY = YES;
				CLANG_WARN_ENUM_CONVERSION = YES;
				CLANG_WARN_INFINITE_RECURSION = YES;
				CLANG_WARN_INT_CONVERSION = YES;
				CLANG_WARN_NON_LITERAL_NULL_CONVERSION = YES;
				CLANG_WARN_OBJC_LITERAL_CONVERSION = YES;
				CLANG_WARN_OBJC_ROOT_CLASS = YES_ERROR;
				CLANG_WARN_RANGE_LOOP_ANALYSIS = YES;
				CLANG_WARN_STRICT_PROTOTYPES = YES;
				CLANG_WARN_SUSPICIOUS_MOVE = YES;
				CLANG_WARN_UNGUARDED_AVAILABILITY = YES_AGGRESSIVE;
				CLANG_WARN_UNREACHABLE_CODE = YES;
				CLANG_WARN__DUPLICATE_METHOD_MATCH = YES;
				CODE_SIGN_IDENTITY = "iPhone Developer";
				COPY_PHASE_STRIP = NO;
				DEBUG_INFORMATION_FORMAT = "dwarf-with-dsym";
				ENABLE_NS_ASSERTIONS = NO;
				ENABLE_STRICT_OBJC_MSGSEND = YES;
				GCC_C_LANGUAGE_STANDARD = gnu11;
				GCC_NO_COMMON_BLOCKS = YES;
				GCC_WARN_64_TO_32_BIT_CONVERSION = YES;
				GCC_WARN_ABOUT_RETURN_TYPE = YES_ERROR;
				GCC_WARN_UNDECLARED_SELECTOR = YES;
				GCC_WARN_UNINITIALIZED_AUTOS = YES_AGGRESSIVE;
				GCC_WARN_UNUSED_FUNCTION = YES;
				GCC_WARN_UNUSED_VARIABLE = YES;
				IPHONEOS_DEPLOYMENT_TARGET = 11.2;
				MTL_ENABLE_DEBUG_INFO = NO;
				SDKROOT = iphoneos;
				SWIFT_OPTIMIZATION_LEVEL = "-Owholemodule";
				VALIDATE_PRODUCT = YES;
			};
			name = Release;
		};
		4879FA96200DA6A400F8C563 /* Debug */ = {
			isa = XCBuildConfiguration;
			buildSettings = {
				ASSETCATALOG_COMPILER_APPICON_NAME = AppIcon;
				CODE_SIGN_STYLE = Automatic;
				DEVELOPMENT_TEAM = 33F9QSSJDD;
				INFOPLIST_FILE = AutoLayoutEx2/Info.plist;
				LD_RUNPATH_SEARCH_PATHS = "$(inherited) @executable_path/Frameworks";
				PRODUCT_BUNDLE_IDENTIFIER = com.Sabukon.AutoLayoutEx2;
				PRODUCT_NAME = "$(TARGET_NAME)";
				SWIFT_VERSION = 4.0;
				TARGETED_DEVICE_FAMILY = "1,2";
			};
			name = Debug;
		};
		4879FA97200DA6A400F8C563 /* Release */ = {
			isa = XCBuildConfiguration;
			buildSettings = {
				ASSETCATALOG_COMPILER_APPICON_NAME = AppIcon;
				CODE_SIGN_STYLE = Automatic;
				DEVELOPMENT_TEAM = 33F9QSSJDD;
				INFOPLIST_FILE = AutoLayoutEx2/Info.plist;
				LD_RUNPATH_SEARCH_PATHS = "$(inherited) @executable_path/Frameworks";
				PRODUCT_BUNDLE_IDENTIFIER = com.Sabukon.AutoLayoutEx2;
				PRODUCT_NAME = "$(TARGET_NAME)";
				SWIFT_VERSION = 4.0;
				TARGETED_DEVICE_FAMILY = "1,2";
			};
			name = Release;
		};
/* End XCBuildConfiguration section */

/* Begin XCConfigurationList section */
		4879FA7E200DA6A400F8C563 /* Build configuration list for PBXProject "AutoLayoutEx2" */ = {
			isa = XCConfigurationList;
			buildConfigurations = (
				4879FA93200DA6A400F8C563 /* Debug */,
				4879FA94200DA6A400F8C563 /* Release */,
			);
			defaultConfigurationIsVisible = 0;
			defaultConfigurationName = Release;
		};
		4879FA95200DA6A400F8C563 /* Build configuration list for PBXNativeTarget "AutoLayoutEx2" */ = {
			isa = XCConfigurationList;
			buildConfigurations = (
				4879FA96200DA6A400F8C563 /* Debug */,
				4879FA97200DA6A400F8C563 /* Release */,
			);
			defaultConfigurationIsVisible = 0;
			defaultConfigurationName = Release;
		};
/* End XCConfigurationList section */
	};
	rootObject = 4879FA7B200DA6A400F8C563 /* Project object */;
}
